<?xml version="1.0" encoding="UTF-8" standalone="yes" ?>
<CodeBlocks_project_file>
	<FileVersion major="1" minor="6" />
	<Project>
		<Option title="MenuDeJogos" />
		<Option pch_mode="2" />
		<Option compiler="gcc" />
		<Build>
			<Target title="Debug">
				<Option output="bin/Debug/MenuDeJogos" prefix_auto="1" extension_auto="1" />
				<Option object_output="obj/Debug/" />
				<Option type="1" />
				<Option compiler="gcc" />
				<Compiler>
					<Add option="-g" />
				</Compiler>
			</Target>
			<Target title="Release">
				<Option output="bin/Release/MenuDeJogos" prefix_auto="1" extension_auto="1" />
				<Option object_output="obj/Release/" />
				<Option type="1" />
				<Option compiler="gcc" />
				<Compiler>
					<Add option="-O2" />
				</Compiler>
				<Linker>
					<Add option="-s" />
				</Linker>
			</Target>
		</Build>
		<Compiler>
			<Add option="-Wall" />
		</Compiler>
		<Unit filename="bibentsaida.c">
			<Option compilerVar="CC" />
			<Option target="&lt;{~None~}&gt;" />
		</Unit>
		<Unit filename="bibentsaida.h">
			<Option target="&lt;{~None~}&gt;" />
		</Unit>
		<Unit filename="corredor1.h">
			<Option target="&lt;{~None~}&gt;" />
		</Unit>
		<Unit filename="corredor2.h">
			<Option target="&lt;{~None~}&gt;" />
		</Unit>
		<Unit filename="corredor3.h">
			<Option target="&lt;{~None~}&gt;" />
		</Unit>
		<Unit filename="forca.c">
			<Option compilerVar="CC" />
			<Option target="&lt;{~None~}&gt;" />
		</Unit>
		<Unit filename="forca.h">
			<Option target="&lt;{~None~}&gt;" />
		</Unit>
		<Unit filename="inventario.h">
			<Option target="&lt;{~None~}&gt;" />
		</Unit>
		<Unit filename="main.c">
			<Option compilerVar="CC" />
		</Unit>
		<Unit filename="modulologin.c">
			<Option compilerVar="CC" />
			<Option target="&lt;{~None~}&gt;" />
		</Unit>
		<Unit filename="modulologin.h">
			<Option target="&lt;{~None~}&gt;" />
		</Unit>
		<Unit filename="pacman.c">
			<Option compilerVar="CC" />
			<Option target="&lt;{~None~}&gt;" />
		</Unit>
		<Unit filename="pacman.h">
			<Option target="&lt;{~None~}&gt;" />
		</Unit>
		<Unit filename="personagem.h">
			<Option target="&lt;{~None~}&gt;" />
		</Unit>
		<Unit filename="pilha.c">
			<Option compilerVar="CC" />
			<Option target="&lt;{~None~}&gt;" />
		</Unit>
		<Unit filename="pilha.h">
			<Option target="&lt;{~None~}&gt;" />
		</Unit>
		<Unit filename="pilhaFloat.c">
			<Option compilerVar="CC" />
			<Option target="&lt;{~None~}&gt;" />
		</Unit>
		<Unit filename="pilhaFloat.h">
			<Option target="&lt;{~None~}&gt;" />
		</Unit>
		<Unit filename="snake.c">
			<Option compilerVar="CC" />
			<Option target="&lt;{~None~}&gt;" />
		</Unit>
		<Unit filename="snake.h">
			<Option target="&lt;{~None~}&gt;" />
		</Unit>
		<Unit filename="tutorial.h">
			<Option target="&lt;{~None~}&gt;" />
		</Unit>
		<Unit filename="velha.c">
			<Option compilerVar="CC" />
			<Option target="&lt;{~None~}&gt;" />
		</Unit>
		<Unit filename="velha.h">
			<Option target="&lt;{~None~}&gt;" />
		</Unit>
		<Extensions />
	</Project>
</CodeBlocks_project_file>
